# THIS IS AN AUTOGENERATED FILE. DO NOT EDIT THIS FILE DIRECTLY.
# yarn lockfile v1
"@cypress/request@^3.0.0":
  resolved "https://registry.yarnpkg.com/@cypress/request/-/request-3.0.1.tgz#72d7d5425236a2413bd3d8bb66d02d9dc3168960"
"@cypress/xvfb@^1.2.4":
  resolved "https://registry.yarnpkg.com/@cypress/xvfb/-/xvfb-1.2.4.tgz#2daf42e8275b39f4aa53c14214e557bd14e7748a"
"@elastic/eslint-import-resolver-kibana@link:../../packages/osd-eslint-import-resolver-opensearch-dashboards":
"@hapi/cryptiles@5.0.0":
  resolved "https://registry.yarnpkg.com/@hapi/cryptiles/-/cryptiles-5.0.0.tgz#364ca3336594c7f261707a527c4d36da4a8eb86e"
"@hapi/wreck@^17.1.0":
  resolved "https://registry.yarnpkg.com/@hapi/wreck/-/wreck-17.2.0.tgz#a5b69b724fa8fa25550fb02f55c649becfc59f63"
"@testing-library/react-hooks@^7.0.2":
  resolved "https://registry.yarnpkg.com/@testing-library/react-hooks/-/react-hooks-7.0.2.tgz#3388d07f562d91e7f2431a4a21b5186062ecfee0"
"@types/hapi__wreck@^15.0.1":
  resolved "https://registry.yarnpkg.com/@types/hapi__wreck/-/hapi__wreck-15.0.1.tgz#41df4e122c49316f0057cb5e9c6eb4c00e671e95"
cypress-mochawesome-reporter@^3.3.0:
  resolved "https://registry.yarnpkg.com/cypress-mochawesome-reporter/-/cypress-mochawesome-reporter-3.7.0.tgz#a32570ba896862a1a6e7443ad5bbd71baf7c2ba4"
cypress@^13.6.0:
  resolved "https://registry.yarnpkg.com/cypress/-/cypress-13.6.0.tgz#b98b7b837679012ed09c7ecee5565bf7b31d4982"
    "@cypress/request" "^3.0.0"
    "@cypress/xvfb" "^1.2.4"
eslint-plugin-cypress@^2.8.1:
  resolved "https://registry.yarnpkg.com/eslint-plugin-cypress/-/eslint-plugin-cypress-2.15.1.tgz#336afa7e8e27451afaf65aa359c9509e0a4f3a7b"
gulp-rename@2.0.0:
  resolved "https://registry.yarnpkg.com/gulp-rename/-/gulp-rename-2.0.0.tgz#9bbc3962b0c0f52fc67cd5eaff6c223ec5b9cf6c"
html-entities@1.3.1:
  resolved "https://registry.yarnpkg.com/html-entities/-/html-entities-1.3.1.tgz#fb9a1a4b5b14c5daba82d3e34c6ae4fe701a0e44"
jose@^4.11.2:
  resolved "https://registry.yarnpkg.com/jose/-/jose-4.15.4.tgz#02a9a763803e3872cf55f29ecef0dfdcc218cc03"
saml-idp@^1.2.1:
  resolved "https://registry.yarnpkg.com/saml-idp/-/saml-idp-1.2.1.tgz#2df394cd406ce273641115f587062ea60d29ce03"
selfsigned@^2.0.1:
  resolved "https://registry.yarnpkg.com/selfsigned/-/selfsigned-2.4.1.tgz#560d90565442a3ed35b674034cec4e95dceb4ae0"
typescript@4.0.2:
  resolved "https://registry.yarnpkg.com/typescript/-/typescript-4.0.2.tgz#7ea7c88777c723c681e33bf7988be5d008d05ac2"